
Microsoft Visual Studio Solution File, Format Version 12.00
# Visual Studio Version 16
VisualStudioVersion = 16.0.30413.136
MinimumVisualStudioVersion = 10.0.40219.1
Project("{9A19103F-16F7-4668-BE54-9A1E7A4F7556}") = "eContact.API", "eContact.API\eContact.API.csproj", "{6149B6F3-72E6-46CD-B5D9-85593685C5EE}"
EndProject
Project("{9A19103F-16F7-4668-BE54-9A1E7A4F7556}") = "eContact.Business", "eContact.Business\eContact.Business.csproj", "{98789314-60E5-4CC9-996B-18A54920B430}"
EndProject
Project("{FAE04EC0-301F-11D3-BF4B-00C04F79EFBC}") = "eContact.Services", "eContact.Services\eContact.Services.csproj", "{6AF457E1-2019-4CF3-B905-435061B713CA}"
EndProject
Project("{9A19103F-16F7-4668-BE54-9A1E7A4F7556}") = "eContact.Data.Entities", "eContact.Data.Entities\eContact.Data.Entities.csproj", "{028B6A02-D1CC-4CA9-82AE-2E1D89A288CA}"
EndProject
Project("{9A19103F-16F7-4668-BE54-9A1E7A4F7556}") = "eContact.Data", "eContact.Data\eContact.Data.csproj", "{8D769895-3234-4CE4-AC04-F7FA65CCCBE6}"
EndProject
Project("{FAE04EC0-301F-11D3-BF4B-00C04F79EFBC}") = "eContact.NUnitTest", "eContact.NUnitTest\eContact.NUnitTest.csproj", "{8F915BAA-645A-4CFA-901E-0960979FBFCD}"
EndProject
Global
	GlobalSection(SolutionConfigurationPlatforms) = preSolution
		Debug|Any CPU = Debug|Any CPU
		Release|Any CPU = Release|Any CPU
	EndGlobalSection
	GlobalSection(ProjectConfigurationPlatforms) = postSolution
		{6149B6F3-72E6-46CD-B5D9-85593685C5EE}.Debug|Any CPU.ActiveCfg = Debug|Any CPU
		{6149B6F3-72E6-46CD-B5D9-85593685C5EE}.Debug|Any CPU.Build.0 = Debug|Any CPU
		{6149B6F3-72E6-46CD-B5D9-85593685C5EE}.Release|Any CPU.ActiveCfg = Release|Any CPU
		{6149B6F3-72E6-46CD-B5D9-85593685C5EE}.Release|Any CPU.Build.0 = Release|Any CPU
		{98789314-60E5-4CC9-996B-18A54920B430}.Debug|Any CPU.ActiveCfg = Debug|Any CPU
		{98789314-60E5-4CC9-996B-18A54920B430}.Debug|Any CPU.Build.0 = Debug|Any CPU
		{98789314-60E5-4CC9-996B-18A54920B430}.Release|Any CPU.ActiveCfg = Release|Any CPU
		{98789314-60E5-4CC9-996B-18A54920B430}.Release|Any CPU.Build.0 = Release|Any CPU
		{6AF457E1-2019-4CF3-B905-435061B713CA}.Debug|Any CPU.ActiveCfg = Debug|Any CPU
		{6AF457E1-2019-4CF3-B905-435061B713CA}.Debug|Any CPU.Build.0 = Debug|Any CPU
		{6AF457E1-2019-4CF3-B905-435061B713CA}.Release|Any CPU.ActiveCfg = Release|Any CPU
		{6AF457E1-2019-4CF3-B905-435061B713CA}.Release|Any CPU.Build.0 = Release|Any CPU
		{028B6A02-D1CC-4CA9-82AE-2E1D89A288CA}.Debug|Any CPU.ActiveCfg = Debug|Any CPU
		{028B6A02-D1CC-4CA9-82AE-2E1D89A288CA}.Debug|Any CPU.Build.0 = Debug|Any CPU
		{028B6A02-D1CC-4CA9-82AE-2E1D89A288CA}.Release|Any CPU.ActiveCfg = Release|Any CPU
		{028B6A02-D1CC-4CA9-82AE-2E1D89A288CA}.Release|Any CPU.Build.0 = Release|Any CPU
		{8D769895-3234-4CE4-AC04-F7FA65CCCBE6}.Debug|Any CPU.ActiveCfg = Debug|Any CPU
		{8D769895-3234-4CE4-AC04-F7FA65CCCBE6}.Debug|Any CPU.Build.0 = Debug|Any CPU
		{8D769895-3234-4CE4-AC04-F7FA65CCCBE6}.Release|Any CPU.ActiveCfg = Release|Any CPU
		{8D769895-3234-4CE4-AC04-F7FA65CCCBE6}.Release|Any CPU.Build.0 = Release|Any CPU
		{8F915BAA-645A-4CFA-901E-0960979FBFCD}.Debug|Any CPU.ActiveCfg = Debug|Any CPU
		{8F915BAA-645A-4CFA-901E-0960979FBFCD}.Debug|Any CPU.Build.0 = Debug|Any CPU
		{8F915BAA-645A-4CFA-901E-0960979FBFCD}.Release|Any CPU.ActiveCfg = Release|Any CPU
		{8F915BAA-645A-4CFA-901E-0960979FBFCD}.Release|Any CPU.Build.0 = Release|Any CPU
	EndGlobalSection
	GlobalSection(SolutionProperties) = preSolution
		HideSolutionNode = FALSE
	EndGlobalSection
	GlobalSection(ExtensibilityGlobals) = postSolution
		SolutionGuid = {7CA11594-508C-4877-B662-ADD1BFD0740C}
	EndGlobalSection
EndGlobal
